// !$*UTF8*$!
{
	archiveVersion = 1;
	classes = {
	};
	objectVersion = 46;
	objects = {

/* Begin PBXBuildFile section */
		EC458AAE1C505286002B5E54 /* RoundDropMenuDataSource.swift in Sources */ = {isa = PBXBuildFile; fileRef = EC458AAD1C505286002B5E54 /* RoundDropMenuDataSource.swift */; };
		EC8AA5DF1B0610D3000E06E4 /* DropProtocol.swift in Sources */ = {isa = PBXBuildFile; fileRef = EC8AA5DB1B0610D3000E06E4 /* DropProtocol.swift */; };
		EC8AA5E11B0610D3000E06E4 /* RoundDropMenuVC.swift in Sources */ = {isa = PBXBuildFile; fileRef = EC8AA5DD1B0610D3000E06E4 /* RoundDropMenuVC.swift */; };
		EC8AA5E61B066E23000E06E4 /* MenuViewController.swift in Sources */ = {isa = PBXBuildFile; fileRef = EC8AA5E51B066E23000E06E4 /* MenuViewController.swift */; };
		EC8AA5E81B0678F3000E06E4 /* RoundDropMenuDelegate.swift in Sources */ = {isa = PBXBuildFile; fileRef = EC8AA5E71B0678F3000E06E4 /* RoundDropMenuDelegate.swift */; };
		EC8AA5EE1B067BEC000E06E4 /* DropView.swift in Sources */ = {isa = PBXBuildFile; fileRef = EC8AA5EC1B067BEC000E06E4 /* DropView.swift */; };
		EC8AA5EF1B067BEC000E06E4 /* RoundDropMenuView.swift in Sources */ = {isa = PBXBuildFile; fileRef = EC8AA5ED1B067BEC000E06E4 /* RoundDropMenuView.swift */; };
		EC99CB3B1B055082001DBDDC /* AppDelegate.swift in Sources */ = {isa = PBXBuildFile; fileRef = EC99CB3A1B055082001DBDDC /* AppDelegate.swift */; };
		EC99CB401B055082001DBDDC /* Main.storyboard in Resources */ = {isa = PBXBuildFile; fileRef = EC99CB3E1B055082001DBDDC /* Main.storyboard */; };
		EC99CB421B055082001DBDDC /* Images.xcassets in Resources */ = {isa = PBXBuildFile; fileRef = EC99CB411B055082001DBDDC /* Images.xcassets */; };
		EC99CB451B055082001DBDDC /* LaunchScreen.xib in Resources */ = {isa = PBXBuildFile; fileRef = EC99CB431B055082001DBDDC /* LaunchScreen.xib */; };
		EC99CB511B055082001DBDDC /* Round_Drop_MenuTests.swift in Sources */ = {isa = PBXBuildFile; fileRef = EC99CB501B055082001DBDDC /* Round_Drop_MenuTests.swift */; };
		EC99CB641B060B70001DBDDC /* Drop.swift in Sources */ = {isa = PBXBuildFile; fileRef = EC99CB631B060B70001DBDDC /* Drop.swift */; };
/* End PBXBuildFile section */

/* Begin PBXContainerItemProxy section */
		EC99CB4B1B055082001DBDDC /* PBXContainerItemProxy */ = {
			isa = PBXContainerItemProxy;
			containerPortal = EC99CB2D1B055082001DBDDC /* Project object */;
			proxyType = 1;
			remoteGlobalIDString = EC99CB341B055082001DBDDC;
			remoteInfo = "Round-Drop-Menu";
		};
/* End PBXContainerItemProxy section */

/* Begin PBXFileReference section */
		EC458AAD1C505286002B5E54 /* RoundDropMenuDataSource.swift */ = {isa = PBXFileReference; fileEncoding = 4; lastKnownFileType = sourcecode.swift; name = RoundDropMenuDataSource.swift; path = ../../RoundDropMenu/Protocols/RoundDropMenuDataSource.swift; sourceTree = "<group>"; };
		EC8AA5DB1B0610D3000E06E4 /* DropProtocol.swift */ = {isa = PBXFileReference; fileEncoding = 4; lastKnownFileType = sourcecode.swift; name = DropProtocol.swift; path = ../../RoundDropMenu/Protocols/DropProtocol.swift; sourceTree = "<group>"; };
		EC8AA5DD1B0610D3000E06E4 /* RoundDropMenuVC.swift */ = {isa = PBXFileReference; fileEncoding = 4; lastKnownFileType = sourcecode.swift; name = RoundDropMenuVC.swift; path = ../../RoundDropMenu/Controller/RoundDropMenuVC.swift; sourceTree = "<group>"; };
		EC8AA5E51B066E23000E06E4 /* MenuViewController.swift */ = {isa = PBXFileReference; fileEncoding = 4; lastKnownFileType = sourcecode.swift; path = MenuViewController.swift; sourceTree = "<group>"; };
		EC8AA5E71B0678F3000E06E4 /* RoundDropMenuDelegate.swift */ = {isa = PBXFileReference; fileEncoding = 4; lastKnownFileType = sourcecode.swift; name = RoundDropMenuDelegate.swift; path = ../../RoundDropMenu/Protocols/RoundDropMenuDelegate.swift; sourceTree = "<group>"; };
		EC8AA5EC1B067BEC000E06E4 /* DropView.swift */ = {isa = PBXFileReference; fileEncoding = 4; lastKnownFileType = sourcecode.swift; name = DropView.swift; path = ../../RoundDropMenu/View/DropView.swift; sourceTree = "<group>"; };
		EC8AA5ED1B067BEC000E06E4 /* RoundDropMenuView.swift */ = {isa = PBXFileReference; fileEncoding = 4; lastKnownFileType = sourcecode.swift; name = RoundDropMenuView.swift; path = ../../RoundDropMenu/View/RoundDropMenuView.swift; sourceTree = "<group>"; };
		EC99CB351B055082001DBDDC /* Round-Drop-Menu.app */ = {isa = PBXFileReference; explicitFileType = wrapper.application; includeInIndex = 0; path = "Round-Drop-Menu.app"; sourceTree = BUILT_PRODUCTS_DIR; };
		EC99CB391B055082001DBDDC /* Info.plist */ = {isa = PBXFileReference; lastKnownFileType = text.plist.xml; path = Info.plist; sourceTree = "<group>"; };
		EC99CB3A1B055082001DBDDC /* AppDelegate.swift */ = {isa = PBXFileReference; lastKnownFileType = sourcecode.swift; path = AppDelegate.swift; sourceTree = "<group>"; };
		EC99CB3F1B055082001DBDDC /* Base */ = {isa = PBXFileReference; lastKnownFileType = file.storyboard; name = Base; path = Base.lproj/Main.storyboard; sourceTree = "<group>"; };
		EC99CB411B055082001DBDDC /* Images.xcassets */ = {isa = PBXFileReference; lastKnownFileType = folder.assetcatalog; path = Images.xcassets; sourceTree = "<group>"; };
		EC99CB441B055082001DBDDC /* Base */ = {isa = PBXFileReference; lastKnownFileType = file.xib; name = Base; path = Base.lproj/LaunchScreen.xib; sourceTree = "<group>"; };
		EC99CB4A1B055082001DBDDC /* Round-Drop-MenuTests.xctest */ = {isa = PBXFileReference; explicitFileType = wrapper.cfbundle; includeInIndex = 0; path = "Round-Drop-MenuTests.xctest"; sourceTree = BUILT_PRODUCTS_DIR; };
		EC99CB4F1B055082001DBDDC /* Info.plist */ = {isa = PBXFileReference; lastKnownFileType = text.plist.xml; path = Info.plist; sourceTree = "<group>"; };
		EC99CB501B055082001DBDDC /* Round_Drop_MenuTests.swift */ = {isa = PBXFileReference; lastKnownFileType = sourcecode.swift; path = Round_Drop_MenuTests.swift; sourceTree = "<group>"; };
		EC99CB631B060B70001DBDDC /* Drop.swift */ = {isa = PBXFileReference; fileEncoding = 4; lastKnownFileType = sourcecode.swift; path = Drop.swift; sourceTree = "<group>"; };
/* End PBXFileReference section */

/* Begin PBXFrameworksBuildPhase section */
		EC99CB321B055082001DBDDC /* Frameworks */ = {
			isa = PBXFrameworksBuildPhase;
			buildActionMask = 2147483647;
			files = (
			);
			runOnlyForDeploymentPostprocessing = 0;
		};
		EC99CB471B055082001DBDDC /* Frameworks */ = {
			isa = PBXFrameworksBuildPhase;
			buildActionMask = 2147483647;
			files = (
			);
			runOnlyForDeploymentPostprocessing = 0;
		};
/* End PBXFrameworksBuildPhase section */

/* Begin PBXGroup section */
		EC8AA5E91B067B84000E06E4 /* View */ = {
			isa = PBXGroup;
			children = (
				EC8AA5EC1B067BEC000E06E4 /* DropView.swift */,
				EC8AA5ED1B067BEC000E06E4 /* RoundDropMenuView.swift */,
			);
			name = View;
			sourceTree = "<group>";
		};
		EC8AA5EA1B067B93000E06E4 /* Protocols */ = {
			isa = PBXGroup;
			children = (
				EC8AA5DB1B0610D3000E06E4 /* DropProtocol.swift */,
				EC8AA5E71B0678F3000E06E4 /* RoundDropMenuDelegate.swift */,
				EC458AAD1C505286002B5E54 /* RoundDropMenuDataSource.swift */,
			);
			name = Protocols;
			sourceTree = "<group>";
		};
		EC8AA5EB1B067BA5000E06E4 /* Controller */ = {
			isa = PBXGroup;
			children = (
				EC8AA5DD1B0610D3000E06E4 /* RoundDropMenuVC.swift */,
			);
			name = Controller;
			sourceTree = "<group>";
		};
		EC99CB2C1B055082001DBDDC = {
			isa = PBXGroup;
			children = (
				EC99CB371B055082001DBDDC /* Round-Drop-Menu */,
				EC99CB4D1B055082001DBDDC /* Round-Drop-MenuTests */,
				EC99CB361B055082001DBDDC /* Products */,
			);
			sourceTree = "<group>";
		};
		EC99CB361B055082001DBDDC /* Products */ = {
			isa = PBXGroup;
			children = (
				EC99CB351B055082001DBDDC /* Round-Drop-Menu.app */,
				EC99CB4A1B055082001DBDDC /* Round-Drop-MenuTests.xctest */,
			);
			name = Products;
			sourceTree = "<group>";
		};
		EC99CB371B055082001DBDDC /* Round-Drop-Menu */ = {
			isa = PBXGroup;
			children = (
				EC99CB631B060B70001DBDDC /* Drop.swift */,
				EC8AA5E51B066E23000E06E4 /* MenuViewController.swift */,
				EC99CB3A1B055082001DBDDC /* AppDelegate.swift */,
				EC99CB3E1B055082001DBDDC /* Main.storyboard */,
				EC99CB621B0602D3001DBDDC /* RoundDropMenu */,
				EC99CB411B055082001DBDDC /* Images.xcassets */,
				EC99CB431B055082001DBDDC /* LaunchScreen.xib */,
				EC99CB381B055082001DBDDC /* Supporting Files */,
			);
			path = "Round-Drop-Menu";
			sourceTree = "<group>";
		};
		EC99CB381B055082001DBDDC /* Supporting Files */ = {
			isa = PBXGroup;
			children = (
				EC99CB391B055082001DBDDC /* Info.plist */,
			);
			name = "Supporting Files";
			sourceTree = "<group>";
		};
		EC99CB4D1B055082001DBDDC /* Round-Drop-MenuTests */ = {
			isa = PBXGroup;
			children = (
				EC99CB501B055082001DBDDC /* Round_Drop_MenuTests.swift */,
				EC99CB4E1B055082001DBDDC /* Supporting Files */,
			);
			path = "Round-Drop-MenuTests";
			sourceTree = "<group>";
		};
		EC99CB4E1B055082001DBDDC /* Supporting Files */ = {
			isa = PBXGroup;
			children = (
				EC99CB4F1B055082001DBDDC /* Info.plist */,
			);
			name = "Supporting Files";
			sourceTree = "<group>";
		};
		EC99CB621B0602D3001DBDDC /* RoundDropMenu */ = {
			isa = PBXGroup;
			children = (
				EC8AA5EB1B067BA5000E06E4 /* Controller */,
				EC8AA5EA1B067B93000E06E4 /* Protocols */,
				EC8AA5E91B067B84000E06E4 /* View */,
			);
			name = RoundDropMenu;
			sourceTree = "<group>";
		};
/* End PBXGroup section */

/* Begin PBXNativeTarget section */
		EC99CB341B055082001DBDDC /* Round-Drop-Menu */ = {
			isa = PBXNativeTarget;
			buildConfigurationList = EC99CB541B055082001DBDDC /* Build configuration list for PBXNativeTarget "Round-Drop-Menu" */;
			buildPhases = (
				EC99CB311B055082001DBDDC /* Sources */,
				EC99CB321B055082001DBDDC /* Frameworks */,
				EC99CB331B055082001DBDDC /* Resources */,
			);
			buildRules = (
			);
			dependencies = (
			);
			name = "Round-Drop-Menu";
			productName = "Round-Drop-Menu";
			productReference = EC99CB351B055082001DBDDC /* Round-Drop-Menu.app */;
			productType = "com.apple.product-type.application";
		};
		EC99CB491B055082001DBDDC /* Round-Drop-MenuTests */ = {
			isa = PBXNativeTarget;
			buildConfigurationList = EC99CB571B055082001DBDDC /* Build configuration list for PBXNativeTarget "Round-Drop-MenuTests" */;
			buildPhases = (
				EC99CB461B055082001DBDDC /* Sources */,
				EC99CB471B055082001DBDDC /* Frameworks */,
				EC99CB481B055082001DBDDC /* Resources */,
			);
			buildRules = (
			);
			dependencies = (
				EC99CB4C1B055082001DBDDC /* PBXTargetDependency */,
			);
			name = "Round-Drop-MenuTests";
			productName = "Round-Drop-MenuTests";
			productReference = EC99CB4A1B055082001DBDDC /* Round-Drop-MenuTests.xctest */;
			productType = "com.apple.product-type.bundle.unit-test";
		};
/* End PBXNativeTarget section */

/* Begin PBXProject section */
		EC99CB2D1B055082001DBDDC /* Project object */ = {
			isa = PBXProject;
			attributes = {
				LastSwiftMigration = 0720;
				LastSwiftUpdateCheck = 0720;
				LastUpgradeCheck = 0720;
				ORGANIZATIONNAME = "Arthur Myronenko";
				TargetAttributes = {
					EC99CB341B055082001DBDDC = {
						CreatedOnToolsVersion = 6.3.1;
					};
					EC99CB491B055082001DBDDC = {
						CreatedOnToolsVersion = 6.3.1;
						TestTargetID = EC99CB341B055082001DBDDC;
					};
				};
			};
			buildConfigurationList = EC99CB301B055082001DBDDC /* Build configuration list for PBXProject "Round-Drop-Menu" */;
			compatibilityVersion = "Xcode 3.2";
			developmentRegion = English;
			hasScannedForEncodings = 0;
			knownRegions = (
				en,
				Base,
			);
			mainGroup = EC99CB2C1B055082001DBDDC;
			productRefGroup = EC99CB361B055082001DBDDC /* Products */;
			projectDirPath = "";
			projectRoot = "";
			targets = (
				EC99CB341B055082001DBDDC /* Round-Drop-Menu */,
				EC99CB491B055082001DBDDC /* Round-Drop-MenuTests */,
			);
		};
/* End PBXProject section */

/* Begin PBXResourcesBuildPhase section */
		EC99CB331B055082001DBDDC /* Resources */ = {
			isa = PBXResourcesBuildPhase;
			buildActionMask = 2147483647;
			files = (
				EC99CB401B055082001DBDDC /* Main.storyboard in Resources */,
				EC99CB451B055082001DBDDC /* LaunchScreen.xib in Resources */,
				EC99CB421B055082001DBDDC /* Images.xcassets in Resources */,
			);
			runOnlyForDeploymentPostprocessing = 0;
		};
		EC99CB481B055082001DBDDC /* Resources */ = {
			isa = PBXResourcesBuildPhase;
			buildActionMask = 2147483647;
			files = (
			);
			runOnlyForDeploymentPostprocessing = 0;
		};
/* End PBXResourcesBuildPhase section */

/* Begin PBXSourcesBuildPhase section */
		EC99CB311B055082001DBDDC /* Sources */ = {
			isa = PBXSourcesBuildPhase;
			buildActionMask = 2147483647;
			files = (
				EC8AA5DF1B0610D3000E06E4 /* DropProtocol.swift in Sources */,
				EC8AA5E81B0678F3000E06E4 /* RoundDropMenuDelegate.swift in Sources */,
				EC8AA5E11B0610D3000E06E4 /* RoundDropMenuVC.swift in Sources */,
				EC8AA5EF1B067BEC000E06E4 /* RoundDropMenuView.swift in Sources */,
				EC99CB641B060B70001DBDDC /* Drop.swift in Sources */,
				EC458AAE1C505286002B5E54 /* RoundDropMenuDataSource.swift in Sources */,
				EC99CB3B1B055082001DBDDC /* AppDelegate.swift in Sources */,
				EC8AA5E61B066E23000E06E4 /* MenuViewController.swift in Sources */,
				EC8AA5EE1B067BEC000E06E4 /* DropView.swift in Sources */,
			);
			runOnlyForDeploymentPostprocessing = 0;
		};
		EC99CB461B055082001DBDDC /* Sources */ = {
			isa = PBXSourcesBuildPhase;
			buildActionMask = 2147483647;
			files = (
				EC99CB511B055082001DBDDC /* Round_Drop_MenuTests.swift in Sources */,
			);
			runOnlyForDeploymentPostprocessing = 0;
		};
/* End PBXSourcesBuildPhase section */

/* Begin PBXTargetDependency section */
		EC99CB4C1B055082001DBDDC /* PBXTargetDependency */ = {
			isa = PBXTargetDependency;
			target = EC99CB341B055082001DBDDC /* Round-Drop-Menu */;
			targetProxy = EC99CB4B1B055082001DBDDC /* PBXContainerItemProxy */;
		};
/* End PBXTargetDependency section */

/* Begin PBXVariantGroup section */
		EC99CB3E1B055082001DBDDC /* Main.storyboard */ = {
			isa = PBXVariantGroup;
			children = (
				EC99CB3F1B055082001DBDDC /* Base */,
			);
			name = Main.storyboard;
			sourceTree = "<group>";
		};
		EC99CB431B055082001DBDDC /* LaunchScreen.xib */ = {
			isa = PBXVariantGroup;
			children = (
				EC99CB441B055082001DBDDC /* Base */,
			);
			name = LaunchScreen.xib;
			sourceTree = "<group>";
		};
/* End PBXVariantGroup section */

/* Begin XCBuildConfiguration section */
		EC99CB521B055082001DBDDC /* Debug */ = {
			isa = XCBuildConfiguration;
			buildSettings = {
				ALWAYS_SEARCH_USER_PATHS = NO;
				CLANG_CXX_LANGUAGE_STANDARD = "gnu++0x";
				CLANG_CXX_LIBRARY = "libc++";
				CLANG_ENABLE_MODULES = YES;
				CLANG_ENABLE_OBJC_ARC = YES;
				CLANG_WARN_BOOL_CONVERSION = YES;
				CLANG_WARN_CONSTANT_CONVERSION = YES;
				CLANG_WARN_DIRECT_OBJC_ISA_USAGE = YES_ERROR;
				CLANG_WARN_EMPTY_BODY = YES;
				CLANG_WARN_ENUM_CONVERSION = YES;
				CLANG_WARN_INT_CONVERSION = YES;
				CLANG_WARN_OBJC_ROOT_CLASS = YES_ERROR;
				CLANG_WARN_UNREACHABLE_CODE = YES;
				CLANG_WARN__DUPLICATE_METHOD_MATCH = YES;
				"CODE_SIGN_IDENTITY[sdk=iphoneos*]" = "iPhone Developer";
				COPY_PHASE_STRIP = NO;
				DEBUG_INFORMATION_FORMAT = "dwarf-with-dsym";
				ENABLE_STRICT_OBJC_MSGSEND = YES;
				ENABLE_TESTABILITY = YES;
				GCC_C_LANGUAGE_STANDARD = gnu99;
				GCC_DYNAMIC_NO_PIC = NO;
				GCC_NO_COMMON_BLOCKS = YES;
				GCC_OPTIMIZATION_LEVEL = 0;
				GCC_PREPROCESSOR_DEFINITIONS = (
					"DEBUG=1",
					"$(inherited)",
				);
				GCC_SYMBOLS_PRIVATE_EXTERN = NO;
				GCC_WARN_64_TO_32_BIT_CONVERSION = YES;
				GCC_WARN_ABOUT_RETURN_TYPE = YES_ERROR;
				GCC_WARN_UNDECLARED_SELECTOR = YES;
				GCC_WARN_UNINITIALIZED_AUTOS = YES_AGGRESSIVE;
				GCC_WARN_UNUSED_FUNCTION = YES;
				GCC_WARN_UNUSED_VARIABLE = YES;
				IPHONEOS_DEPLOYMENT_TARGET = 8.3;
				MTL_ENABLE_DEBUG_INFO = YES;
				ONLY_ACTIVE_ARCH = YES;
				SDKROOT = iphoneos;
				SWIFT_OPTIMIZATION_LEVEL = "-Onone";
			};
			name = Debug;
		};
		EC99CB531B055082001DBDDC /* Release */ = {
			isa = XCBuildConfiguration;
			buildSettings = {
				ALWAYS_SEARCH_USER_PATHS = NO;
				CLANG_CXX_LANGUAGE_STANDARD = "gnu++0x";
				CLANG_CXX_LIBRARY = "libc++";
				CLANG_ENABLE_MODULES = YES;
				CLANG_ENABLE_OBJC_ARC = YES;
				CLANG_WARN_BOOL_CONVERSION = YES;
				CLANG_WARN_CONSTANT_CONVERSION = YES;
				CLANG_WARN_DIRECT_OBJC_ISA_USAGE = YES_ERROR;
				CLANG_WARN_EMPTY_BODY = YES;
				CLANG_WARN_ENUM_CONVERSION = YES;
				CLANG_WARN_INT_CONVERSION = YES;
				CLANG_WARN_OBJC_ROOT_CLASS = YES_ERROR;
				CLANG_WARN_UNREACHABLE_CODE = YES;
				CLANG_WARN__DUPLICATE_METHOD_MATCH = YES;
				"CODE_SIGN_IDENTITY[sdk=iphoneos*]" = "iPhone Developer";
				COPY_PHASE_STRIP = NO;
				DEBUG_INFORMATION_FORMAT = "dwarf-with-dsym";
				ENABLE_NS_ASSERTIONS = NO;
				ENABLE_STRICT_OBJC_MSGSEND = YES;
				GCC_C_LANGUAGE_STANDARD = gnu99;
				GCC_NO_COMMON_BLOCKS = YES;
				GCC_WARN_64_TO_32_BIT_CONVERSION = YES;
				GCC_WARN_ABOUT_RETURN_TYPE = YES_ERROR;
				GCC_WARN_UNDECLARED_SELECTOR = YES;
				GCC_WARN_UNINITIALIZED_AUTOS = YES_AGGRESSIVE;
				GCC_WARN_UNUSED_FUNCTION = YES;
				GCC_WARN_UNUSED_VARIABLE = YES;
				IPHONEOS_DEPLOYMENT_TARGET = 8.3;
				MTL_ENABLE_DEBUG_INFO = NO;
				SDKROOT = iphoneos;
				VALIDATE_PRODUCT = YES;
			};
			name = Release;
		};
		EC99CB551B055082001DBDDC /* Debug */ = {
			isa = XCBuildConfiguration;
			buildSettings = {
				ASSETCATALOG_COMPILER_APPICON_NAME = AppIcon;
				INFOPLIST_FILE = "Round-Drop-Menu/Info.plist";
				LD_RUNPATH_SEARCH_PATHS = "$(inherited) @executable_path/Frameworks";
				PRODUCT_BUNDLE_IDENTIFIER = "arthurmyronenko.$(PRODUCT_NAME:rfc1034identifier)";
				PRODUCT_NAME = "$(TARGET_NAME)";
			};
			name = Debug;
		};
		EC99CB561B055082001DBDDC /* Release */ = {
			isa = XCBuildConfiguration;
			buildSettings = {
				ASSETCATALOG_COMPILER_APPICON_NAME = AppIcon;
				INFOPLIST_FILE = "Round-Drop-Menu/Info.plist";
				LD_RUNPATH_SEARCH_PATHS = "$(inherited) @executable_path/Frameworks";
				PRODUCT_BUNDLE_IDENTIFIER = "arthurmyronenko.$(PRODUCT_NAME:rfc1034identifier)";
				PRODUCT_NAME = "$(TARGET_NAME)";
			};
			name = Release;
		};
		EC99CB581B055082001DBDDC /* Debug */ = {
			isa = XCBuildConfiguration;
			buildSettings = {
				BUNDLE_LOADER = "$(TEST_HOST)";
				GCC_PREPROCESSOR_DEFINITIONS = (
					"DEBUG=1",
					"$(inherited)",
				);
				INFOPLIST_FILE = "Round-Drop-MenuTests/Info.plist";
				LD_RUNPATH_SEARCH_PATHS = "$(inherited) @executable_path/Frameworks @loader_path/Frameworks";
				PRODUCT_BUNDLE_IDENTIFIER = "arthurmyronenko.$(PRODUCT_NAME:rfc1034identifier)";
				PRODUCT_NAME = "$(TARGET_NAME)";
				TEST_HOST = "$(BUILT_PRODUCTS_DIR)/Round-Drop-Menu.app/Round-Drop-Menu";
			};
			name = Debug;
		};
		EC99CB591B055082001DBDDC /* Release */ = {
			isa = XCBuildConfiguration;
			buildSettings = {
				BUNDLE_LOADER = "$(TEST_HOST)";
				INFOPLIST_FILE = "Round-Drop-MenuTests/Info.plist";
				LD_RUNPATH_SEARCH_PATHS = "$(inherited) @executable_path/Frameworks @loader_path/Frameworks";
				PRODUCT_BUNDLE_IDENTIFIER = "arthurmyronenko.$(PRODUCT_NAME:rfc1034identifier)";
				PRODUCT_NAME = "$(TARGET_NAME)";
				TEST_HOST = "$(BUILT_PRODUCTS_DIR)/Round-Drop-Menu.app/Round-Drop-Menu";
			};
			name = Release;
		};
/* End XCBuildConfiguration section */

/* Begin XCConfigurationList section */
		EC99CB301B055082001DBDDC /* Build configuration list for PBXProject "Round-Drop-Menu" */ = {
			isa = XCConfigurationList;
			buildConfigurations = (
				EC99CB521B055082001DBDDC /* Debug */,
				EC99CB531B055082001DBDDC /* Release */,
			);
			defaultConfigurationIsVisible = 0;
			defaultConfigurationName = Release;
		};
		EC99CB541B055082001DBDDC /* Build configuration list for PBXNativeTarget "Round-Drop-Menu" */ = {
			isa = XCConfigurationList;
			buildConfigurations = (
				EC99CB551B055082001DBDDC /* Debug */,
				EC99CB561B055082001DBDDC /* Release */,
			);
			defaultConfigurationIsVisible = 0;
			defaultConfigurationName = Release;
		};
		EC99CB571B055082001DBDDC /* Build configuration list for PBXNativeTarget "Round-Drop-MenuTests" */ = {
			isa = XCConfigurationList;
			buildConfigurations = (
				EC99CB581B055082001DBDDC /* Debug */,
				EC99CB591B055082001DBDDC /* Release */,
			);
			defaultConfigurationIsVisible = 0;
			defaultConfigurationName = Release;
		};
/* End XCConfigurationList section */
	};
	rootObject = EC99CB2D1B055082001DBDDC /* Project object */;
}
